// !$*UTF8*$!
{
	archiveVersion = 1;
	classes = {
	};
	objectVersion = 46;
	objects = {

/* Begin PBXBuildFile section */
		21F3F7C4195388C800656D61 /* Foundation.framework in Frameworks */ = {isa = PBXBuildFile; fileRef = 21F3F7C3195388C800656D61 /* Foundation.framework */; };
		21F3F7C6195388C800656D61 /* CoreGraphics.framework in Frameworks */ = {isa = PBXBuildFile; fileRef = 21F3F7C5195388C800656D61 /* CoreGraphics.framework */; };
		21F3F7C8195388C800656D61 /* UIKit.framework in Frameworks */ = {isa = PBXBuildFile; fileRef = 21F3F7C7195388C800656D61 /* UIKit.framework */; };
		21F3F7CE195388C800656D61 /* InfoPlist.strings in Resources */ = {isa = PBXBuildFile; fileRef = 21F3F7CC195388C800656D61 /* InfoPlist.strings */; };
		21F3F7D0195388C800656D61 /* main.m in Sources */ = {isa = PBXBuildFile; fileRef = 21F3F7CF195388C800656D61 /* main.m */; };
		21F3F7D4195388C800656D61 /* AppDelegate.m in Sources */ = {isa = PBXBuildFile; fileRef = 21F3F7D3195388C800656D61 /* AppDelegate.m */; };
		21F3F7D7195388C800656D61 /* Main.storyboard in Resources */ = {isa = PBXBuildFile; fileRef = 21F3F7D5195388C800656D61 /* Main.storyboard */; };
		21F3F7DA195388C800656D61 /* ViewController.m in Sources */ = {isa = PBXBuildFile; fileRef = 21F3F7D9195388C800656D61 /* ViewController.m */; };
		21F3F7DC195388C800656D61 /* Images.xcassets in Resources */ = {isa = PBXBuildFile; fileRef = 21F3F7DB195388C800656D61 /* Images.xcassets */; };
		21F3F7E3195388C800656D61 /* XCTest.framework in Frameworks */ = {isa = PBXBuildFile; fileRef = 21F3F7E2195388C800656D61 /* XCTest.framework */; };
		21F3F7E4195388C800656D61 /* Foundation.framework in Frameworks */ = {isa = PBXBuildFile; fileRef = 21F3F7C3195388C800656D61 /* Foundation.framework */; };
		21F3F7E5195388C800656D61 /* UIKit.framework in Frameworks */ = {isa = PBXBuildFile; fileRef = 21F3F7C7195388C800656D61 /* UIKit.framework */; };
		21F3F7ED195388C800656D61 /* InfoPlist.strings in Resources */ = {isa = PBXBuildFile; fileRef = 21F3F7EB195388C800656D61 /* InfoPlist.strings */; };
		21F3F7EF195388C800656D61 /* NewBeaconAppTests.m in Sources */ = {isa = PBXBuildFile; fileRef = 21F3F7EE195388C800656D61 /* NewBeaconAppTests.m */; };
		21F3F7F9195388E600656D61 /* CoreLocation.framework in Frameworks */ = {isa = PBXBuildFile; fileRef = 21F3F7F8195388E600656D61 /* CoreLocation.framework */; };
		21F3F7FB195388ED00656D61 /* CoreBluetooth.framework in Frameworks */ = {isa = PBXBuildFile; fileRef = 21F3F7FA195388ED00656D61 /* CoreBluetooth.framework */; };
/* End PBXBuildFile section */

/* Begin PBXContainerItemProxy section */
		21F3F7E6195388C800656D61 /* PBXContainerItemProxy */ = {
			isa = PBXContainerItemProxy;
			containerPortal = 21F3F7B8195388C800656D61 /* Project object */;
			proxyType = 1;
			remoteGlobalIDString = 21F3F7BF195388C800656D61;
			remoteInfo = NewBeaconApp;
		};
/* End PBXContainerItemProxy section */

/* Begin PBXFileReference section */
		21F3F7C0195388C800656D61 /* NewBeaconApp.app */ = {isa = PBXFileReference; explicitFileType = wrapper.application; includeInIndex = 0; path = NewBeaconApp.app; sourceTree = BUILT_PRODUCTS_DIR; };
		21F3F7C3195388C800656D61 /* Foundation.framework */ = {isa = PBXFileReference; lastKnownFileType = wrapper.framework; name = Foundation.framework; path = System/Library/Frameworks/Foundation.framework; sourceTree = SDKROOT; };
		21F3F7C5195388C800656D61 /* CoreGraphics.framework */ = {isa = PBXFileReference; lastKnownFileType = wrapper.framework; name = CoreGraphics.framework; path = System/Library/Frameworks/CoreGraphics.framework; sourceTree = SDKROOT; };
		21F3F7C7195388C800656D61 /* UIKit.framework */ = {isa = PBXFileReference; lastKnownFileType = wrapper.framework; name = UIKit.framework; path = System/Library/Frameworks/UIKit.framework; sourceTree = SDKROOT; };
		21F3F7CB195388C800656D61 /* NewBeaconApp-Info.plist */ = {isa = PBXFileReference; lastKnownFileType = text.plist.xml; path = "NewBeaconApp-Info.plist"; sourceTree = "<group>"; };
		21F3F7CD195388C800656D61 /* en */ = {isa = PBXFileReference; lastKnownFileType = text.plist.strings; name = en; path = en.lproj/InfoPlist.strings; sourceTree = "<group>"; };
		21F3F7CF195388C800656D61 /* main.m */ = {isa = PBXFileReference; lastKnownFileType = sourcecode.c.objc; path = main.m; sourceTree = "<group>"; };
		21F3F7D1195388C800656D61 /* NewBeaconApp-Prefix.pch */ = {isa = PBXFileReference; lastKnownFileType = sourcecode.c.h; path = "NewBeaconApp-Prefix.pch"; sourceTree = "<group>"; };
		21F3F7D2195388C800656D61 /* AppDelegate.h */ = {isa = PBXFileReference; lastKnownFileType = sourcecode.c.h; path = AppDelegate.h; sourceTree = "<group>"; };
		21F3F7D3195388C800656D61 /* AppDelegate.m */ = {isa = PBXFileReference; lastKnownFileType = sourcecode.c.objc; path = AppDelegate.m; sourceTree = "<group>"; };
		21F3F7D6195388C800656D61 /* Base */ = {isa = PBXFileReference; lastKnownFileType = file.storyboard; name = Base; path = Base.lproj/Main.storyboard; sourceTree = "<group>"; };
		21F3F7D8195388C800656D61 /* ViewController.h */ = {isa = PBXFileReference; lastKnownFileType = sourcecode.c.h; path = ViewController.h; sourceTree = "<group>"; };
		21F3F7D9195388C800656D61 /* ViewController.m */ = {isa = PBXFileReference; lastKnownFileType = sourcecode.c.objc; path = ViewController.m; sourceTree = "<group>"; };
		21F3F7DB195388C800656D61 /* Images.xcassets */ = {isa = PBXFileReference; lastKnownFileType = folder.assetcatalog; path = Images.xcassets; sourceTree = "<group>"; };
		21F3F7E1195388C800656D61 /* NewBeaconAppTests.xctest */ = {isa = PBXFileReference; explicitFileType = wrapper.cfbundle; includeInIndex = 0; path = NewBeaconAppTests.xctest; sourceTree = BUILT_PRODUCTS_DIR; };
		21F3F7E2195388C800656D61 /* XCTest.framework */ = {isa = PBXFileReference; lastKnownFileType = wrapper.framework; name = XCTest.framework; path = Library/Frameworks/XCTest.framework; sourceTree = DEVELOPER_DIR; };
		21F3F7EA195388C800656D61 /* NewBeaconAppTests-Info.plist */ = {isa = PBXFileReference; lastKnownFileType = text.plist.xml; path = "NewBeaconAppTests-Info.plist"; sourceTree = "<group>"; };
		21F3F7EC195388C800656D61 /* en */ = {isa = PBXFileReference; lastKnownFileType = text.plist.strings; name = en; path = en.lproj/InfoPlist.strings; sourceTree = "<group>"; };
		21F3F7EE195388C800656D61 /* NewBeaconAppTests.m */ = {isa = PBXFileReference; lastKnownFileType = sourcecode.c.objc; path = NewBeaconAppTests.m; sourceTree = "<group>"; };
		21F3F7F8195388E600656D61 /* CoreLocation.framework */ = {isa = PBXFileReference; lastKnownFileType = wrapper.framework; name = CoreLocation.framework; path = System/Library/Frameworks/CoreLocation.framework; sourceTree = SDKROOT; };
		21F3F7FA195388ED00656D61 /* CoreBluetooth.framework */ = {isa = PBXFileReference; lastKnownFileType = wrapper.framework; name = CoreBluetooth.framework; path = System/Library/Frameworks/CoreBluetooth.framework; sourceTree = SDKROOT; };
/* End PBXFileReference section */

/* Begin PBXFrameworksBuildPhase section */
		21F3F7BD195388C800656D61 /* Frameworks */ = {
			isa = PBXFrameworksBuildPhase;
			buildActionMask = 2147483647;
			files = (
				21F3F7FB195388ED00656D61 /* CoreBluetooth.framework in Frameworks */,
				21F3F7F9195388E600656D61 /* CoreLocation.framework in Frameworks */,
				21F3F7C6195388C800656D61 /* CoreGraphics.framework in Frameworks */,
				21F3F7C8195388C800656D61 /* UIKit.framework in Frameworks */,
				21F3F7C4195388C800656D61 /* Foundation.framework in Frameworks */,
			);
			runOnlyForDeploymentPostprocessing = 0;
		};
		21F3F7DE195388C800656D61 /* Frameworks */ = {
			isa = PBXFrameworksBuildPhase;
			buildActionMask = 2147483647;
			files = (
				21F3F7E3195388C800656D61 /* XCTest.framework in Frameworks */,
				21F3F7E5195388C800656D61 /* UIKit.framework in Frameworks */,
				21F3F7E4195388C800656D61 /* Foundation.framework in Frameworks */,
			);
			runOnlyForDeploymentPostprocessing = 0;
		};
/* End PBXFrameworksBuildPhase section */

/* Begin PBXGroup section */
		21F3F7B7195388C800656D61 = {
			isa = PBXGroup;
			children = (
				21F3F7C9195388C800656D61 /* NewBeaconApp */,
				21F3F7E8195388C800656D61 /* NewBeaconAppTests */,
				21F3F7C2195388C800656D61 /* Frameworks */,
				21F3F7C1195388C800656D61 /* Products */,
			);
			sourceTree = "<group>";
		};
		21F3F7C1195388C800656D61 /* Products */ = {
			isa = PBXGroup;
			children = (
				21F3F7C0195388C800656D61 /* NewBeaconApp.app */,
				21F3F7E1195388C800656D61 /* NewBeaconAppTests.xctest */,
			);
			name = Products;
			sourceTree = "<group>";
		};
		21F3F7C2195388C800656D61 /* Frameworks */ = {
			isa = PBXGroup;
			children = (
				21F3F7FA195388ED00656D61 /* CoreBluetooth.framework */,
				21F3F7F8195388E600656D61 /* CoreLocation.framework */,
				21F3F7C3195388C800656D61 /* Foundation.framework */,
				21F3F7C5195388C800656D61 /* CoreGraphics.framework */,
				21F3F7C7195388C800656D61 /* UIKit.framework */,
				21F3F7E2195388C800656D61 /* XCTest.framework */,
			);
			name = Frameworks;
			sourceTree = "<group>";
		};
		21F3F7C9195388C800656D61 /* NewBeaconApp */ = {
			isa = PBXGroup;
			children = (
				21F3F7D2195388C800656D61 /* AppDelegate.h */,
				21F3F7D3195388C800656D61 /* AppDelegate.m */,
				21F3F7D5195388C800656D61 /* Main.storyboard */,
				21F3F7D8195388C800656D61 /* ViewController.h */,
				21F3F7D9195388C800656D61 /* ViewController.m */,
				21F3F7DB195388C800656D61 /* Images.xcassets */,
				21F3F7CA195388C800656D61 /* Supporting Files */,
			);
			path = NewBeaconApp;
			sourceTree = "<group>";
		};
		21F3F7CA195388C800656D61 /* Supporting Files */ = {
			isa = PBXGroup;
			children = (
				21F3F7CB195388C800656D61 /* NewBeaconApp-Info.plist */,
				21F3F7CC195388C800656D61 /* InfoPlist.strings */,
				21F3F7CF195388C800656D61 /* main.m */,
				21F3F7D1195388C800656D61 /* NewBeaconApp-Prefix.pch */,
			);
			name = "Supporting Files";
			sourceTree = "<group>";
		};
		21F3F7E8195388C800656D61 /* NewBeaconAppTests */ = {
			isa = PBXGroup;
			children = (
				21F3F7EE195388C800656D61 /* NewBeaconAppTests.m */,
				21F3F7E9195388C800656D61 /* Supporting Files */,
			);
			path = NewBeaconAppTests;
			sourceTree = "<group>";
		};
		21F3F7E9195388C800656D61 /* Supporting Files */ = {
			isa = PBXGroup;
			children = (
				21F3F7EA195388C800656D61 /* NewBeaconAppTests-Info.plist */,
				21F3F7EB195388C800656D61 /* InfoPlist.strings */,
			);
			name = "Supporting Files";
			sourceTree = "<group>";
		};
/* End PBXGroup section */

/* Begin PBXNativeTarget section */
		21F3F7BF195388C800656D61 /* NewBeaconApp */ = {
			isa = PBXNativeTarget;
			buildConfigurationList = 21F3F7F2195388C800656D61 /* Build configuration list for PBXNativeTarget "NewBeaconApp" */;
			buildPhases = (
				21F3F7BC195388C800656D61 /* Sources */,
				21F3F7BD195388C800656D61 /* Frameworks */,
				21F3F7BE195388C800656D61 /* Resources */,
			);
			buildRules = (
			);
			dependencies = (
			);
			name = NewBeaconApp;
			productName = NewBeaconApp;
			productReference = 21F3F7C0195388C800656D61 /* NewBeaconApp.app */;
			productType = "com.apple.product-type.application";
		};
		21F3F7E0195388C800656D61 /* NewBeaconAppTests */ = {
			isa = PBXNativeTarget;
			buildConfigurationList = 21F3F7F5195388C800656D61 /* Build configuration list for PBXNativeTarget "NewBeaconAppTests" */;
			buildPhases = (
				21F3F7DD195388C800656D61 /* Sources */,
				21F3F7DE195388C800656D61 /* Frameworks */,
				21F3F7DF195388C800656D61 /* Resources */,
			);
			buildRules = (
			);
			dependencies = (
				21F3F7E7195388C800656D61 /* PBXTargetDependency */,
			);
			name = NewBeaconAppTests;
			productName = NewBeaconAppTests;
			productReference = 21F3F7E1195388C800656D61 /* NewBeaconAppTests.xctest */;
			productType = "com.apple.product-type.bundle.unit-test";
		};
/* End PBXNativeTarget section */

/* Begin PBXProject section */
		21F3F7B8195388C800656D61 /* Project object */ = {
			isa = PBXProject;
			attributes = {
				LastUpgradeCheck = 0510;
				ORGANIZATIONNAME = "Kharat, Rohit";
				TargetAttributes = {
					21F3F7E0195388C800656D61 = {
						TestTargetID = 21F3F7BF195388C800656D61;
					};
				};
			};
			buildConfigurationList = 21F3F7BB195388C800656D61 /* Build configuration list for PBXProject "NewBeaconApp" */;
			compatibilityVersion = "Xcode 3.2";
			developmentRegion = English;
			hasScannedForEncodings = 0;
			knownRegions = (
				en,
				Base,
			);
			mainGroup = 21F3F7B7195388C800656D61;
			productRefGroup = 21F3F7C1195388C800656D61 /* Products */;
			projectDirPath = "";
			projectRoot = "";
			targets = (
				21F3F7BF195388C800656D61 /* NewBeaconApp */,
				21F3F7E0195388C800656D61 /* NewBeaconAppTests */,
			);
		};
/* End PBXProject section */

/* Begin PBXResourcesBuildPhase section */
		21F3F7BE195388C800656D61 /* Resources */ = {
			isa = PBXResourcesBuildPhase;
			buildActionMask = 2147483647;
			files = (
				21F3F7DC195388C800656D61 /* Images.xcassets in Resources */,
				21F3F7CE195388C800656D61 /* InfoPlist.strings in Resources */,
				21F3F7D7195388C800656D61 /* Main.storyboard in Resources */,
			);
			runOnlyForDeploymentPostprocessing = 0;
		};
		21F3F7DF195388C800656D61 /* Resources */ = {
			isa = PBXResourcesBuildPhase;
			buildActionMask = 2147483647;
			files = (
				21F3F7ED195388C800656D61 /* InfoPlist.strings in Resources */,
			);
			runOnlyForDeploymentPostprocessing = 0;
		};
/* End PBXResourcesBuildPhase section */

/* Begin PBXSourcesBuildPhase section */
		21F3F7BC195388C800656D61 /* Sources */ = {
			isa = PBXSourcesBuildPhase;
			buildActionMask = 2147483647;
			files = (
				21F3F7DA195388C800656D61 /* ViewController.m in Sources */,
				21F3F7D4195388C800656D61 /* AppDelegate.m in Sources */,
				21F3F7D0195388C800656D61 /* main.m in Sources */,
			);
			runOnlyForDeploymentPostprocessing = 0;
		};
		21F3F7DD195388C800656D61 /* Sources */ = {
			isa = PBXSourcesBuildPhase;
			buildActionMask = 2147483647;
			files = (
				21F3F7EF195388C800656D61 /* NewBeaconAppTests.m in Sources */,
			);
			runOnlyForDeploymentPostprocessing = 0;
		};
/* End PBXSourcesBuildPhase section */

/* Begin PBXTargetDependency section */
		21F3F7E7195388C800656D61 /* PBXTargetDependency */ = {
			isa = PBXTargetDependency;
			target = 21F3F7BF195388C800656D61 /* NewBeaconApp */;
			targetProxy = 21F3F7E6195388C800656D61 /* PBXContainerItemProxy */;
		};
/* End PBXTargetDependency section */

/* Begin PBXVariantGroup section */
		21F3F7CC195388C800656D61 /* InfoPlist.strings */ = {
			isa = PBXVariantGroup;
			children = (
				21F3F7CD195388C800656D61 /* en */,
			);
			name = InfoPlist.strings;
			sourceTree = "<group>";
		};
		21F3F7D5195388C800656D61 /* Main.storyboard */ = {
			isa = PBXVariantGroup;
			children = (
				21F3F7D6195388C800656D61 /* Base */,
			);
			name = Main.storyboard;
			sourceTree = "<group>";
		};
		21F3F7EB195388C800656D61 /* InfoPlist.strings */ = {
			isa = PBXVariantGroup;
			children = (
				21F3F7EC195388C800656D61 /* en */,
			);
			name = InfoPlist.strings;
			sourceTree = "<group>";
		};
/* End PBXVariantGroup section */

/* Begin XCBuildConfiguration section */
		21F3F7F0195388C800656D61 /* Debug */ = {
			isa = XCBuildConfiguration;
			buildSettings = {
				ALWAYS_SEARCH_USER_PATHS = NO;
				CLANG_CXX_LANGUAGE_STANDARD = "gnu++0x";
				CLANG_CXX_LIBRARY = "libc++";
				CLANG_ENABLE_MODULES = YES;
				CLANG_ENABLE_OBJC_ARC = YES;
				CLANG_WARN_BOOL_CONVERSION = YES;
				CLANG_WARN_CONSTANT_CONVERSION = YES;
				CLANG_WARN_DIRECT_OBJC_ISA_USAGE = YES_ERROR;
				CLANG_WARN_EMPTY_BODY = YES;
				CLANG_WARN_ENUM_CONVERSION = YES;
				CLANG_WARN_INT_CONVERSION = YES;
				CLANG_WARN_OBJC_ROOT_CLASS = YES_ERROR;
				CLANG_WARN__DUPLICATE_METHOD_MATCH = YES;
				"CODE_SIGN_IDENTITY[sdk=iphoneos*]" = "iPhone Developer";
				COPY_PHASE_STRIP = NO;
				GCC_C_LANGUAGE_STANDARD = gnu99;
				GCC_DYNAMIC_NO_PIC = NO;
				GCC_OPTIMIZATION_LEVEL = 0;
				GCC_PREPROCESSOR_DEFINITIONS = (
					"DEBUG=1",
					"$(inherited)",
				);
				GCC_SYMBOLS_PRIVATE_EXTERN = NO;
				GCC_WARN_64_TO_32_BIT_CONVERSION = YES;
				GCC_WARN_ABOUT_RETURN_TYPE = YES_ERROR;
				GCC_WARN_UNDECLARED_SELECTOR = YES;
				GCC_WARN_UNINITIALIZED_AUTOS = YES_AGGRESSIVE;
				GCC_WARN_UNUSED_FUNCTION = YES;
				GCC_WARN_UNUSED_VARIABLE = YES;
				IPHONEOS_DEPLOYMENT_TARGET = 7.1;
				ONLY_ACTIVE_ARCH = YES;
				SDKROOT = iphoneos;
				TARGETED_DEVICE_FAMILY = 2;
			};
			name = Debug;
		};
		21F3F7F1195388C800656D61 /* Release */ = {
			isa = XCBuildConfiguration;
			buildSettings = {
				ALWAYS_SEARCH_USER_PATHS = NO;
				CLANG_CXX_LANGUAGE_STANDARD = "gnu++0x";
				CLANG_CXX_LIBRARY = "libc++";
				CLANG_ENABLE_MODULES = YES;
				CLANG_ENABLE_OBJC_ARC = YES;
				CLANG_WARN_BOOL_CONVERSION = YES;
				CLANG_WARN_CONSTANT_CONVERSION = YES;
				CLANG_WARN_DIRECT_OBJC_ISA_USAGE = YES_ERROR;
				CLANG_WARN_EMPTY_BODY = YES;
				CLANG_WARN_ENUM_CONVERSION = YES;
				CLANG_WARN_INT_CONVERSION = YES;
				CLANG_WARN_OBJC_ROOT_CLASS = YES_ERROR;
				CLANG_WARN__DUPLICATE_METHOD_MATCH = YES;
				"CODE_SIGN_IDENTITY[sdk=iphoneos*]" = "iPhone Developer";
				COPY_PHASE_STRIP = YES;
				ENABLE_NS_ASSERTIONS = NO;
				GCC_C_LANGUAGE_STANDARD = gnu99;
				GCC_WARN_64_TO_32_BIT_CONVERSION = YES;
				GCC_WARN_ABOUT_RETURN_TYPE = YES_ERROR;
				GCC_WARN_UNDECLARED_SELECTOR = YES;
				GCC_WARN_UNINITIALIZED_AUTOS = YES_AGGRESSIVE;
				GCC_WARN_UNUSED_FUNCTION = YES;
				GCC_WARN_UNUSED_VARIABLE = YES;
				IPHONEOS_DEPLOYMENT_TARGET = 7.1;
				SDKROOT = iphoneos;
				TARGETED_DEVICE_FAMILY = 2;
				VALIDATE_PRODUCT = YES;
			};
			name = Release;
		};
		21F3F7F3195388C800656D61 /* Debug */ = {
			isa = XCBuildConfiguration;
			buildSettings = {
				ASSETCATALOG_COMPILER_APPICON_NAME = AppIcon;
				ASSETCATALOG_COMPILER_LAUNCHIMAGE_NAME = LaunchImage;
				GCC_PRECOMPILE_PREFIX_HEADER = YES;
				GCC_PREFIX_HEADER = "NewBeaconApp/NewBeaconApp-Prefix.pch";
				INFOPLIST_FILE = "NewBeaconApp/NewBeaconApp-Info.plist";
				PRODUCT_NAME = "$(TARGET_NAME)";
				WRAPPER_EXTENSION = app;
			};
			name = Debug;
		};
		21F3F7F4195388C800656D61 /* Release */ = {
			isa = XCBuildConfiguration;
			buildSettings = {
				ASSETCATALOG_COMPILER_APPICON_NAME = AppIcon;
				ASSETCATALOG_COMPILER_LAUNCHIMAGE_NAME = LaunchImage;
				GCC_PRECOMPILE_PREFIX_HEADER = YES;
				GCC_PREFIX_HEADER = "NewBeaconApp/NewBeaconApp-Prefix.pch";
				INFOPLIST_FILE = "NewBeaconApp/NewBeaconApp-Info.plist";
				PRODUCT_NAME = "$(TARGET_NAME)";
				WRAPPER_EXTENSION = app;
			};
			name = Release;
		};
		21F3F7F6195388C800656D61 /* Debug */ = {
			isa = XCBuildConfiguration;
			buildSettings = {
				BUNDLE_LOADER = "$(BUILT_PRODUCTS_DIR)/NewBeaconApp.app/NewBeaconApp";
				FRAMEWORK_SEARCH_PATHS = (
					"$(SDKROOT)/Developer/Library/Frameworks",
					"$(inherited)",
					"$(DEVELOPER_FRAMEWORKS_DIR)",
				);
				GCC_PRECOMPILE_PREFIX_HEADER = YES;
				GCC_PREFIX_HEADER = "NewBeaconApp/NewBeaconApp-Prefix.pch";
				GCC_PREPROCESSOR_DEFINITIONS = (
					"DEBUG=1",
					"$(inherited)",
				);
				INFOPLIST_FILE = "NewBeaconAppTests/NewBeaconAppTests-Info.plist";
				PRODUCT_NAME = "$(TARGET_NAME)";
				TEST_HOST = "$(BUNDLE_LOADER)";
				WRAPPER_EXTENSION = xctest;
			};
			name = Debug;
		};
		21F3F7F7195388C800656D61 /* Release */ = {
			isa = XCBuildConfiguration;
			buildSettings = {
				BUNDLE_LOADER = "$(BUILT_PRODUCTS_DIR)/NewBeaconApp.app/NewBeaconApp";
				FRAMEWORK_SEARCH_PATHS = (
					"$(SDKROOT)/Developer/Library/Frameworks",
					"$(inherited)",
					"$(DEVELOPER_FRAMEWORKS_DIR)",
				);
				GCC_PRECOMPILE_PREFIX_HEADER = YES;
				GCC_PREFIX_HEADER = "NewBeaconApp/NewBeaconApp-Prefix.pch";
				INFOPLIST_FILE = "NewBeaconAppTests/NewBeaconAppTests-Info.plist";
				PRODUCT_NAME = "$(TARGET_NAME)";
				TEST_HOST = "$(BUNDLE_LOADER)";
				WRAPPER_EXTENSION = xctest;
			};
			name = Release;
		};
/* End XCBuildConfiguration section */

/* Begin XCConfigurationList section */
		21F3F7BB195388C800656D61 /* Build configuration list for PBXProject "NewBeaconApp" */ = {
			isa = XCConfigurationList;
			buildConfigurations = (
				21F3F7F0195388C800656D61 /* Debug */,
				21F3F7F1195388C800656D61 /* Release */,
			);
			defaultConfigurationIsVisible = 0;
			defaultConfigurationName = Release;
		};
		21F3F7F2195388C800656D61 /* Build configuration list for PBXNativeTarget "NewBeaconApp" */ = {
			isa = XCConfigurationList;
			buildConfigurations = (
				21F3F7F3195388C800656D61 /* Debug */,
				21F3F7F4195388C800656D61 /* Release */,
			);
			defaultConfigurationIsVisible = 0;
		};
		21F3F7F5195388C800656D61 /* Build configuration list for PBXNativeTarget "NewBeaconAppTests" */ = {
			isa = XCConfigurationList;
			buildConfigurations = (
				21F3F7F6195388C800656D61 /* Debug */,
				21F3F7F7195388C800656D61 /* Release */,
			);
			defaultConfigurationIsVisible = 0;
		};
/* End XCConfigurationList section */
	};
	rootObject = 21F3F7B8195388C800656D61 /* Project object */;
}
